// !$*UTF8*$!
{
	archiveVersion = 1;
	classes = {
	};
	objectVersion = 50;
	objects = {

/* Begin PBXBuildFile section */
		6E1FD60020FC6B5D002D9D2F /* AppDelegate.m in Sources */ = {isa = PBXBuildFile; fileRef = 6E1FD5FF20FC6B5D002D9D2F /* AppDelegate.m */; };
		6E1FD60320FC6B5D002D9D2F /* ViewController.m in Sources */ = {isa = PBXBuildFile; fileRef = 6E1FD60220FC6B5D002D9D2F /* ViewController.m */; };
		6E1FD60620FC6B5D002D9D2F /* Main.storyboard in Resources */ = {isa = PBXBuildFile; fileRef = 6E1FD60420FC6B5D002D9D2F /* Main.storyboard */; };
		6E1FD60820FC6B5D002D9D2F /* Assets.xcassets in Resources */ = {isa = PBXBuildFile; fileRef = 6E1FD60720FC6B5D002D9D2F /* Assets.xcassets */; };
		6E1FD60B20FC6B5D002D9D2F /* LaunchScreen.storyboard in Resources */ = {isa = PBXBuildFile; fileRef = 6E1FD60920FC6B5D002D9D2F /* LaunchScreen.storyboard */; };
		6E1FD60E20FC6B5D002D9D2F /* main.m in Sources */ = {isa = PBXBuildFile; fileRef = 6E1FD60D20FC6B5D002D9D2F /* main.m */; };
		6E1FD65120FCC513002D9D2F /* AppDelegate.m in Sources */ = {isa = PBXBuildFile; fileRef = 6E1FD65020FCC513002D9D2F /* AppDelegate.m */; };
		6E1FD65420FCC513002D9D2F /* ViewController.m in Sources */ = {isa = PBXBuildFile; fileRef = 6E1FD65320FCC513002D9D2F /* ViewController.m */; };
		6E1FD65720FCC513002D9D2F /* Main.storyboard in Resources */ = {isa = PBXBuildFile; fileRef = 6E1FD65520FCC513002D9D2F /* Main.storyboard */; };
		6E1FD65920FCC514002D9D2F /* Assets.xcassets in Resources */ = {isa = PBXBuildFile; fileRef = 6E1FD65820FCC514002D9D2F /* Assets.xcassets */; };
		6E1FD65C20FCC514002D9D2F /* LaunchScreen.storyboard in Resources */ = {isa = PBXBuildFile; fileRef = 6E1FD65A20FCC514002D9D2F /* LaunchScreen.storyboard */; };
		6E1FD65F20FCC514002D9D2F /* main.m in Sources */ = {isa = PBXBuildFile; fileRef = 6E1FD65E20FCC514002D9D2F /* main.m */; };
		6E1FD6FA21003ECF002D9D2F /* QSPViewVM.m in Sources */ = {isa = PBXBuildFile; fileRef = 6E1FD6F321003ECE002D9D2F /* QSPViewVM.m */; };
		6E1FD6FB21003ECF002D9D2F /* QSPViewVM.m in Sources */ = {isa = PBXBuildFile; fileRef = 6E1FD6F321003ECE002D9D2F /* QSPViewVM.m */; };
		6E1FD6FE21003ECF002D9D2F /* QSPTableViewSectionVM.m in Sources */ = {isa = PBXBuildFile; fileRef = 6E1FD6F721003ECE002D9D2F /* QSPTableViewSectionVM.m */; };
		6E1FD6FF21003ECF002D9D2F /* QSPTableViewSectionVM.m in Sources */ = {isa = PBXBuildFile; fileRef = 6E1FD6F721003ECE002D9D2F /* QSPTableViewSectionVM.m */; };
		6E1FD70221003F35002D9D2F /* QSPTableViewVM.m in Sources */ = {isa = PBXBuildFile; fileRef = 6E1FD70121003F35002D9D2F /* QSPTableViewVM.m */; };
		6E1FD70321003F35002D9D2F /* QSPTableViewVM.m in Sources */ = {isa = PBXBuildFile; fileRef = 6E1FD70121003F35002D9D2F /* QSPTableViewVM.m */; };
		6E1FD70621005DD5002D9D2F /* QSPTableViewCellVM.m in Sources */ = {isa = PBXBuildFile; fileRef = 6E1FD70521005DD5002D9D2F /* QSPTableViewCellVM.m */; };
		6E1FD70721005DD5002D9D2F /* QSPTableViewCellVM.m in Sources */ = {isa = PBXBuildFile; fileRef = 6E1FD70521005DD5002D9D2F /* QSPTableViewCellVM.m */; };
		6E1FD70A21007A21002D9D2F /* QSPTableViewCell.m in Sources */ = {isa = PBXBuildFile; fileRef = 6E1FD70921007A21002D9D2F /* QSPTableViewCell.m */; };
		6E1FD70B21007A21002D9D2F /* QSPTableViewCell.m in Sources */ = {isa = PBXBuildFile; fileRef = 6E1FD70921007A21002D9D2F /* QSPTableViewCell.m */; };
		6E1FD71221009EE9002D9D2F /* QSPTableViewHeaderView.m in Sources */ = {isa = PBXBuildFile; fileRef = 6E1FD71121009EE9002D9D2F /* QSPTableViewHeaderView.m */; };
		6E1FD71321009EE9002D9D2F /* QSPTableViewHeaderView.m in Sources */ = {isa = PBXBuildFile; fileRef = 6E1FD71121009EE9002D9D2F /* QSPTableViewHeaderView.m */; };
		6E1FD7242101DFC3002D9D2F /* UITableView+QSPMVVM.m in Sources */ = {isa = PBXBuildFile; fileRef = 6E1FD7232101DFC3002D9D2F /* UITableView+QSPMVVM.m */; };
		6E1FD7252101DFC3002D9D2F /* UITableView+QSPMVVM.m in Sources */ = {isa = PBXBuildFile; fileRef = 6E1FD7232101DFC3002D9D2F /* UITableView+QSPMVVM.m */; };
		6E1FD72821056752002D9D2F /* QSPTableViewFooterView.m in Sources */ = {isa = PBXBuildFile; fileRef = 6E1FD72721056752002D9D2F /* QSPTableViewFooterView.m */; };
		6E1FD72921056752002D9D2F /* QSPTableViewFooterView.m in Sources */ = {isa = PBXBuildFile; fileRef = 6E1FD72721056752002D9D2F /* QSPTableViewFooterView.m */; };
		6E1FD72C2105B7BE002D9D2F /* QSPTableViewSectionM.m in Sources */ = {isa = PBXBuildFile; fileRef = 6E1FD72B2105B7BE002D9D2F /* QSPTableViewSectionM.m */; };
		6E1FD72D2105B7BE002D9D2F /* QSPTableViewSectionM.m in Sources */ = {isa = PBXBuildFile; fileRef = 6E1FD72B2105B7BE002D9D2F /* QSPTableViewSectionM.m */; };
		6E891DBD210FF1CC00B2443D /* MainViewController.m in Sources */ = {isa = PBXBuildFile; fileRef = 6E891DBB210FF1CC00B2443D /* MainViewController.m */; };
		6E891DC2210FF2E400B2443D /* MainViewController.m in Sources */ = {isa = PBXBuildFile; fileRef = 6E891DC1210FF2E400B2443D /* MainViewController.m */; };
		6E891DD521100DB800B2443D /* CommonTableViewSectionVM.m in Sources */ = {isa = PBXBuildFile; fileRef = 6E891DC721100DB800B2443D /* CommonTableViewSectionVM.m */; };
		6E891DD621100DB800B2443D /* CommonTableViewSectionVM.m in Sources */ = {isa = PBXBuildFile; fileRef = 6E891DC721100DB800B2443D /* CommonTableViewSectionVM.m */; };
		6E891DD721100DB800B2443D /* CommonTableViewCellVM.m in Sources */ = {isa = PBXBuildFile; fileRef = 6E891DC821100DB800B2443D /* CommonTableViewCellVM.m */; };
		6E891DD821100DB800B2443D /* CommonTableViewCellVM.m in Sources */ = {isa = PBXBuildFile; fileRef = 6E891DC821100DB800B2443D /* CommonTableViewCellVM.m */; };
		6E891DD921100DB800B2443D /* 线程编程指南翻译第一篇（关于线程编程）.md in Resources */ = {isa = PBXBuildFile; fileRef = 6E891DCA21100DB800B2443D /* 线程编程指南翻译第一篇（关于线程编程）.md */; };
		6E891DDA21100DB800B2443D /* 线程编程指南翻译第一篇（关于线程编程）.md in Resources */ = {isa = PBXBuildFile; fileRef = 6E891DCA21100DB800B2443D /* 线程编程指南翻译第一篇（关于线程编程）.md */; };
		6E891DDB21100DB800B2443D /* 线程编程指南翻译第二篇（线程管理）.md in Resources */ = {isa = PBXBuildFile; fileRef = 6E891DCB21100DB800B2443D /* 线程编程指南翻译第二篇（线程管理）.md */; };
		6E891DDC21100DB800B2443D /* 线程编程指南翻译第二篇（线程管理）.md in Resources */ = {isa = PBXBuildFile; fileRef = 6E891DCB21100DB800B2443D /* 线程编程指南翻译第二篇（线程管理）.md */; };
		6E891DDD21100DB800B2443D /* CommonM.m in Sources */ = {isa = PBXBuildFile; fileRef = 6E891DCF21100DB800B2443D /* CommonM.m */; };
		6E891DDE21100DB800B2443D /* CommonM.m in Sources */ = {isa = PBXBuildFile; fileRef = 6E891DCF21100DB800B2443D /* CommonM.m */; };
		6E891DDF21100DB800B2443D /* CommonTableViewCell.m in Sources */ = {isa = PBXBuildFile; fileRef = 6E891DD321100DB800B2443D /* CommonTableViewCell.m */; };
		6E891DE021100DB800B2443D /* CommonTableViewCell.m in Sources */ = {isa = PBXBuildFile; fileRef = 6E891DD321100DB800B2443D /* CommonTableViewCell.m */; };
		6E891DE121100DB800B2443D /* CommonTableViewHeaderView.m in Sources */ = {isa = PBXBuildFile; fileRef = 6E891DD421100DB800B2443D /* CommonTableViewHeaderView.m */; };
		6E891DE221100DB800B2443D /* CommonTableViewHeaderView.m in Sources */ = {isa = PBXBuildFile; fileRef = 6E891DD421100DB800B2443D /* CommonTableViewHeaderView.m */; };
		6E891DE521106CE400B2443D /* RunLoopSource.m in Sources */ = {isa = PBXBuildFile; fileRef = 6E891DE421106CE400B2443D /* RunLoopSource.m */; };
		6E891DE621106CE400B2443D /* RunLoopSource.m in Sources */ = {isa = PBXBuildFile; fileRef = 6E891DE421106CE400B2443D /* RunLoopSource.m */; };
/* End PBXBuildFile section */

/* Begin PBXFileReference section */
		6E1FD5FC20FC6B5D002D9D2F /* ThreadManagement.app */ = {isa = PBXFileReference; explicitFileType = wrapper.application; includeInIndex = 0; path = ThreadManagement.app; sourceTree = BUILT_PRODUCTS_DIR; };
		6E1FD5FE20FC6B5D002D9D2F /* AppDelegate.h */ = {isa = PBXFileReference; lastKnownFileType = sourcecode.c.h; path = AppDelegate.h; sourceTree = "<group>"; };
		6E1FD5FF20FC6B5D002D9D2F /* AppDelegate.m */ = {isa = PBXFileReference; lastKnownFileType = sourcecode.c.objc; path = AppDelegate.m; sourceTree = "<group>"; };
		6E1FD60120FC6B5D002D9D2F /* ViewController.h */ = {isa = PBXFileReference; lastKnownFileType = sourcecode.c.h; path = ViewController.h; sourceTree = "<group>"; };
		6E1FD60220FC6B5D002D9D2F /* ViewController.m */ = {isa = PBXFileReference; lastKnownFileType = sourcecode.c.objc; path = ViewController.m; sourceTree = "<group>"; };
		6E1FD60520FC6B5D002D9D2F /* Base */ = {isa = PBXFileReference; lastKnownFileType = file.storyboard; name = Base; path = Base.lproj/Main.storyboard; sourceTree = "<group>"; };
		6E1FD60720FC6B5D002D9D2F /* Assets.xcassets */ = {isa = PBXFileReference; lastKnownFileType = folder.assetcatalog; path = Assets.xcassets; sourceTree = "<group>"; };
		6E1FD60A20FC6B5D002D9D2F /* Base */ = {isa = PBXFileReference; lastKnownFileType = file.storyboard; name = Base; path = Base.lproj/LaunchScreen.storyboard; sourceTree = "<group>"; };
		6E1FD60C20FC6B5D002D9D2F /* Info.plist */ = {isa = PBXFileReference; lastKnownFileType = text.plist.xml; path = Info.plist; sourceTree = "<group>"; };
		6E1FD60D20FC6B5D002D9D2F /* main.m */ = {isa = PBXFileReference; lastKnownFileType = sourcecode.c.objc; path = main.m; sourceTree = "<group>"; };
		6E1FD64D20FCC513002D9D2F /* RunLoops.app */ = {isa = PBXFileReference; explicitFileType = wrapper.application; includeInIndex = 0; path = RunLoops.app; sourceTree = BUILT_PRODUCTS_DIR; };
		6E1FD64F20FCC513002D9D2F /* AppDelegate.h */ = {isa = PBXFileReference; lastKnownFileType = sourcecode.c.h; path = AppDelegate.h; sourceTree = "<group>"; };
		6E1FD65020FCC513002D9D2F /* AppDelegate.m */ = {isa = PBXFileReference; lastKnownFileType = sourcecode.c.objc; path = AppDelegate.m; sourceTree = "<group>"; };
		6E1FD65220FCC513002D9D2F /* ViewController.h */ = {isa = PBXFileReference; lastKnownFileType = sourcecode.c.h; path = ViewController.h; sourceTree = "<group>"; };
		6E1FD65320FCC513002D9D2F /* ViewController.m */ = {isa = PBXFileReference; lastKnownFileType = sourcecode.c.objc; path = ViewController.m; sourceTree = "<group>"; };
		6E1FD65620FCC513002D9D2F /* Base */ = {isa = PBXFileReference; lastKnownFileType = file.storyboard; name = Base; path = Base.lproj/Main.storyboard; sourceTree = "<group>"; };
		6E1FD65820FCC514002D9D2F /* Assets.xcassets */ = {isa = PBXFileReference; lastKnownFileType = folder.assetcatalog; path = Assets.xcassets; sourceTree = "<group>"; };
		6E1FD65B20FCC514002D9D2F /* Base */ = {isa = PBXFileReference; lastKnownFileType = file.storyboard; name = Base; path = Base.lproj/LaunchScreen.storyboard; sourceTree = "<group>"; };
		6E1FD65D20FCC514002D9D2F /* Info.plist */ = {isa = PBXFileReference; lastKnownFileType = text.plist.xml; path = Info.plist; sourceTree = "<group>"; };
		6E1FD65E20FCC514002D9D2F /* main.m */ = {isa = PBXFileReference; lastKnownFileType = sourcecode.c.objc; path = main.m; sourceTree = "<group>"; };
		6E1FD6F321003ECE002D9D2F /* QSPViewVM.m */ = {isa = PBXFileReference; fileEncoding = 4; lastKnownFileType = sourcecode.c.objc; path = QSPViewVM.m; sourceTree = "<group>"; };
		6E1FD6F421003ECE002D9D2F /* QSPTableViewSectionVM.h */ = {isa = PBXFileReference; fileEncoding = 4; lastKnownFileType = sourcecode.c.h; path = QSPTableViewSectionVM.h; sourceTree = "<group>"; };
		6E1FD6F621003ECE002D9D2F /* QSPViewVM.h */ = {isa = PBXFileReference; fileEncoding = 4; lastKnownFileType = sourcecode.c.h; path = QSPViewVM.h; sourceTree = "<group>"; };
		6E1FD6F721003ECE002D9D2F /* QSPTableViewSectionVM.m */ = {isa = PBXFileReference; fileEncoding = 4; lastKnownFileType = sourcecode.c.objc; path = QSPTableViewSectionVM.m; sourceTree = "<group>"; };
		6E1FD70021003F35002D9D2F /* QSPTableViewVM.h */ = {isa = PBXFileReference; lastKnownFileType = sourcecode.c.h; path = QSPTableViewVM.h; sourceTree = "<group>"; };
		6E1FD70121003F35002D9D2F /* QSPTableViewVM.m */ = {isa = PBXFileReference; lastKnownFileType = sourcecode.c.objc; path = QSPTableViewVM.m; sourceTree = "<group>"; };
		6E1FD70421005DD5002D9D2F /* QSPTableViewCellVM.h */ = {isa = PBXFileReference; lastKnownFileType = sourcecode.c.h; path = QSPTableViewCellVM.h; sourceTree = "<group>"; };
		6E1FD70521005DD5002D9D2F /* QSPTableViewCellVM.m */ = {isa = PBXFileReference; lastKnownFileType = sourcecode.c.objc; path = QSPTableViewCellVM.m; sourceTree = "<group>"; };
		6E1FD70821007A21002D9D2F /* QSPTableViewCell.h */ = {isa = PBXFileReference; lastKnownFileType = sourcecode.c.h; path = QSPTableViewCell.h; sourceTree = "<group>"; };
		6E1FD70921007A21002D9D2F /* QSPTableViewCell.m */ = {isa = PBXFileReference; lastKnownFileType = sourcecode.c.objc; path = QSPTableViewCell.m; sourceTree = "<group>"; };
		6E1FD71021009EE9002D9D2F /* QSPTableViewHeaderView.h */ = {isa = PBXFileReference; lastKnownFileType = sourcecode.c.h; path = QSPTableViewHeaderView.h; sourceTree = "<group>"; };
		6E1FD71121009EE9002D9D2F /* QSPTableViewHeaderView.m */ = {isa = PBXFileReference; lastKnownFileType = sourcecode.c.objc; path = QSPTableViewHeaderView.m; sourceTree = "<group>"; };
		6E1FD7222101DFC3002D9D2F /* UITableView+QSPMVVM.h */ = {isa = PBXFileReference; lastKnownFileType = sourcecode.c.h; path = "UITableView+QSPMVVM.h"; sourceTree = "<group>"; };
		6E1FD7232101DFC3002D9D2F /* UITableView+QSPMVVM.m */ = {isa = PBXFileReference; lastKnownFileType = sourcecode.c.objc; path = "UITableView+QSPMVVM.m"; sourceTree = "<group>"; };
		6E1FD72621056752002D9D2F /* QSPTableViewFooterView.h */ = {isa = PBXFileReference; lastKnownFileType = sourcecode.c.h; path = QSPTableViewFooterView.h; sourceTree = "<group>"; };
		6E1FD72721056752002D9D2F /* QSPTableViewFooterView.m */ = {isa = PBXFileReference; lastKnownFileType = sourcecode.c.objc; path = QSPTableViewFooterView.m; sourceTree = "<group>"; };
		6E1FD72A2105B7BE002D9D2F /* QSPTableViewSectionM.h */ = {isa = PBXFileReference; lastKnownFileType = sourcecode.c.h; path = QSPTableViewSectionM.h; sourceTree = "<group>"; };
		6E1FD72B2105B7BE002D9D2F /* QSPTableViewSectionM.m */ = {isa = PBXFileReference; lastKnownFileType = sourcecode.c.objc; path = QSPTableViewSectionM.m; sourceTree = "<group>"; };
		6E891DBB210FF1CC00B2443D /* MainViewController.m */ = {isa = PBXFileReference; fileEncoding = 4; lastKnownFileType = sourcecode.c.objc; path = MainViewController.m; sourceTree = "<group>"; };
		6E891DBC210FF1CC00B2443D /* MainViewController.h */ = {isa = PBXFileReference; fileEncoding = 4; lastKnownFileType = sourcecode.c.h; path = MainViewController.h; sourceTree = "<group>"; };
		6E891DC0210FF2E400B2443D /* MainViewController.h */ = {isa = PBXFileReference; lastKnownFileType = sourcecode.c.h; path = MainViewController.h; sourceTree = "<group>"; };
		6E891DC1210FF2E400B2443D /* MainViewController.m */ = {isa = PBXFileReference; lastKnownFileType = sourcecode.c.objc; path = MainViewController.m; sourceTree = "<group>"; };
		6E891DC521100DB800B2443D /* CommonTableViewSectionVM.h */ = {isa = PBXFileReference; fileEncoding = 4; lastKnownFileType = sourcecode.c.h; path = CommonTableViewSectionVM.h; sourceTree = "<group>"; };
		6E891DC621100DB800B2443D /* CommonTableViewCellVM.h */ = {isa = PBXFileReference; fileEncoding = 4; lastKnownFileType = sourcecode.c.h; path = CommonTableViewCellVM.h; sourceTree = "<group>"; };
		6E891DC721100DB800B2443D /* CommonTableViewSectionVM.m */ = {isa = PBXFileReference; fileEncoding = 4; lastKnownFileType = sourcecode.c.objc; path = CommonTableViewSectionVM.m; sourceTree = "<group>"; };
		6E891DC821100DB800B2443D /* CommonTableViewCellVM.m */ = {isa = PBXFileReference; fileEncoding = 4; lastKnownFileType = sourcecode.c.objc; path = CommonTableViewCellVM.m; sourceTree = "<group>"; };
		6E891DCA21100DB800B2443D /* 线程编程指南翻译第一篇（关于线程编程）.md */ = {isa = PBXFileReference; fileEncoding = 4; lastKnownFileType = net.daringfireball.markdown; path = "线程编程指南翻译第一篇（关于线程编程）.md"; sourceTree = "<group>"; };
		6E891DCB21100DB800B2443D /* 线程编程指南翻译第二篇（线程管理）.md */ = {isa = PBXFileReference; fileEncoding = 4; lastKnownFileType = net.daringfireball.markdown; path = "线程编程指南翻译第二篇（线程管理）.md"; sourceTree = "<group>"; };
		6E891DCD21100DB800B2443D /* CommonM.h */ = {isa = PBXFileReference; fileEncoding = 4; lastKnownFileType = sourcecode.c.h; path = CommonM.h; sourceTree = "<group>"; };
		6E891DCE21100DB800B2443D /* CommonDefine.h */ = {isa = PBXFileReference; fileEncoding = 4; lastKnownFileType = sourcecode.c.h; path = CommonDefine.h; sourceTree = "<group>"; };
		6E891DCF21100DB800B2443D /* CommonM.m */ = {isa = PBXFileReference; fileEncoding = 4; lastKnownFileType = sourcecode.c.objc; path = CommonM.m; sourceTree = "<group>"; };
		6E891DD121100DB800B2443D /* CommonTableViewCell.h */ = {isa = PBXFileReference; fileEncoding = 4; lastKnownFileType = sourcecode.c.h; path = CommonTableViewCell.h; sourceTree = "<group>"; };
		6E891DD221100DB800B2443D /* CommonTableViewHeaderView.h */ = {isa = PBXFileReference; fileEncoding = 4; lastKnownFileType = sourcecode.c.h; path = CommonTableViewHeaderView.h; sourceTree = "<group>"; };
		6E891DD321100DB800B2443D /* CommonTableViewCell.m */ = {isa = PBXFileReference; fileEncoding = 4; lastKnownFileType = sourcecode.c.objc; path = CommonTableViewCell.m; sourceTree = "<group>"; };
		6E891DD421100DB800B2443D /* CommonTableViewHeaderView.m */ = {isa = PBXFileReference; fileEncoding = 4; lastKnownFileType = sourcecode.c.objc; path = CommonTableViewHeaderView.m; sourceTree = "<group>"; };
		6E891DE321106CE400B2443D /* RunLoopSource.h */ = {isa = PBXFileReference; lastKnownFileType = sourcecode.c.h; path = RunLoopSource.h; sourceTree = "<group>"; };
		6E891DE421106CE400B2443D /* RunLoopSource.m */ = {isa = PBXFileReference; lastKnownFileType = sourcecode.c.objc; path = RunLoopSource.m; sourceTree = "<group>"; };
/* End PBXFileReference section */

/* Begin PBXFrameworksBuildPhase section */
		6E1FD5F920FC6B5D002D9D2F /* Frameworks */ = {
			isa = PBXFrameworksBuildPhase;
			buildActionMask = 2147483647;
			files = (
			);
			runOnlyForDeploymentPostprocessing = 0;
		};
		6E1FD64A20FCC513002D9D2F /* Frameworks */ = {
			isa = PBXFrameworksBuildPhase;
			buildActionMask = 2147483647;
			files = (
			);
			runOnlyForDeploymentPostprocessing = 0;
		};
/* End PBXFrameworksBuildPhase section */

/* Begin PBXGroup section */
		18497905210F571900BEF041 /* View */ = {
			isa = PBXGroup;
			children = (
			);
			path = View;
			sourceTree = "<group>";
		};
		6E1FD5D620FC6B18002D9D2F = {
			isa = PBXGroup;
			children = (
				6E1FD6F021003ECE002D9D2F /* QSPMVVM */,
				6E891DC321100DB800B2443D /* Common */,
				6E1FD5FD20FC6B5D002D9D2F /* ThreadManagement */,
				6E1FD64E20FCC513002D9D2F /* RunLoops */,
				6E1FD5E020FC6B18002D9D2F /* Products */,
			);
			sourceTree = "<group>";
		};
		6E1FD5E020FC6B18002D9D2F /* Products */ = {
			isa = PBXGroup;
			children = (
				6E1FD5FC20FC6B5D002D9D2F /* ThreadManagement.app */,
				6E1FD64D20FCC513002D9D2F /* RunLoops.app */,
			);
			name = Products;
			sourceTree = "<group>";
		};
		6E1FD5FD20FC6B5D002D9D2F /* ThreadManagement */ = {
			isa = PBXGroup;
			children = (
				6E891DBA210FF1CC00B2443D /* Controller */,
				6E891DB9210FF19B00B2443D /* ViewModel */,
				18497905210F571900BEF041 /* View */,
				6E1FD61220FCA2BE002D9D2F /* Model */,
				6E1FD61620FCA34A002D9D2F /* Other */,
			);
			path = ThreadManagement;
			sourceTree = "<group>";
		};
		6E1FD61220FCA2BE002D9D2F /* Model */ = {
			isa = PBXGroup;
			children = (
			);
			path = Model;
			sourceTree = "<group>";
		};
		6E1FD61620FCA34A002D9D2F /* Other */ = {
			isa = PBXGroup;
			children = (
				6E1FD61720FCA34A002D9D2F /* System */,
			);
			path = Other;
			sourceTree = "<group>";
		};
		6E1FD61720FCA34A002D9D2F /* System */ = {
			isa = PBXGroup;
			children = (
				6E1FD5FE20FC6B5D002D9D2F /* AppDelegate.h */,
				6E1FD5FF20FC6B5D002D9D2F /* AppDelegate.m */,
				6E1FD60120FC6B5D002D9D2F /* ViewController.h */,
				6E1FD60220FC6B5D002D9D2F /* ViewController.m */,
				6E1FD60420FC6B5D002D9D2F /* Main.storyboard */,
				6E1FD60720FC6B5D002D9D2F /* Assets.xcassets */,
				6E1FD60920FC6B5D002D9D2F /* LaunchScreen.storyboard */,
				6E1FD60C20FC6B5D002D9D2F /* Info.plist */,
				6E1FD60D20FC6B5D002D9D2F /* main.m */,
			);
			path = System;
			sourceTree = "<group>";
		};
		6E1FD64E20FCC513002D9D2F /* RunLoops */ = {
			isa = PBXGroup;
			children = (
				6E891E072112AE8B00B2443D /* Frameworks */,
				6E891DB8210FF16A00B2443D /* Controller */,
				6E891DB7210FF16A00B2443D /* ViewModel */,
				6E891DB6210FF16A00B2443D /* View */,
				6E891DB3210FF16A00B2443D /* Model */,
				6E891DB4210FF16A00B2443D /* Other */,
			);
			path = RunLoops;
			sourceTree = "<group>";
		};
		6E1FD6F021003ECE002D9D2F /* QSPMVVM */ = {
			isa = PBXGroup;
			children = (
				6E1FD7212101DFAA002D9D2F /* Category */,
				6E1FD6F121003ECE002D9D2F /* ViewModel */,
				6E1FD6F821003ECE002D9D2F /* Model */,
				6E1FD6F921003ECE002D9D2F /* View */,
			);
			path = QSPMVVM;
			sourceTree = "<group>";
		};
		6E1FD6F121003ECE002D9D2F /* ViewModel */ = {
			isa = PBXGroup;
			children = (
				6E1FD6F621003ECE002D9D2F /* QSPViewVM.h */,
				6E1FD6F321003ECE002D9D2F /* QSPViewVM.m */,
				6E1FD70421005DD5002D9D2F /* QSPTableViewCellVM.h */,
				6E1FD70521005DD5002D9D2F /* QSPTableViewCellVM.m */,
				6E1FD6F421003ECE002D9D2F /* QSPTableViewSectionVM.h */,
				6E1FD6F721003ECE002D9D2F /* QSPTableViewSectionVM.m */,
				6E1FD70021003F35002D9D2F /* QSPTableViewVM.h */,
				6E1FD70121003F35002D9D2F /* QSPTableViewVM.m */,
			);
			path = ViewModel;
			sourceTree = "<group>";
		};
		6E1FD6F821003ECE002D9D2F /* Model */ = {
			isa = PBXGroup;
			children = (
				6E1FD72A2105B7BE002D9D2F /* QSPTableViewSectionM.h */,
				6E1FD72B2105B7BE002D9D2F /* QSPTableViewSectionM.m */,
			);
			path = Model;
			sourceTree = "<group>";
		};
		6E1FD6F921003ECE002D9D2F /* View */ = {
			isa = PBXGroup;
			children = (
				6E1FD70821007A21002D9D2F /* QSPTableViewCell.h */,
				6E1FD70921007A21002D9D2F /* QSPTableViewCell.m */,
				6E1FD71021009EE9002D9D2F /* QSPTableViewHeaderView.h */,
				6E1FD71121009EE9002D9D2F /* QSPTableViewHeaderView.m */,
				6E1FD72621056752002D9D2F /* QSPTableViewFooterView.h */,
				6E1FD72721056752002D9D2F /* QSPTableViewFooterView.m */,
			);
			path = View;
			sourceTree = "<group>";
		};
		6E1FD7212101DFAA002D9D2F /* Category */ = {
			isa = PBXGroup;
			children = (
				6E1FD7222101DFC3002D9D2F /* UITableView+QSPMVVM.h */,
				6E1FD7232101DFC3002D9D2F /* UITableView+QSPMVVM.m */,
			);
			path = Category;
			sourceTree = "<group>";
		};
		6E891DB3210FF16A00B2443D /* Model */ = {
			isa = PBXGroup;
			children = (
				6E891DE321106CE400B2443D /* RunLoopSource.h */,
				6E891DE421106CE400B2443D /* RunLoopSource.m */,
			);
			path = Model;
			sourceTree = "<group>";
		};
		6E891DB4210FF16A00B2443D /* Other */ = {
			isa = PBXGroup;
			children = (
				6E891DB5210FF16A00B2443D /* System */,
			);
			path = Other;
			sourceTree = "<group>";
		};
		6E891DB5210FF16A00B2443D /* System */ = {
			isa = PBXGroup;
			children = (
				6E1FD64F20FCC513002D9D2F /* AppDelegate.h */,
				6E1FD65020FCC513002D9D2F /* AppDelegate.m */,
				6E1FD65220FCC513002D9D2F /* ViewController.h */,
				6E1FD65320FCC513002D9D2F /* ViewController.m */,
				6E1FD65520FCC513002D9D2F /* Main.storyboard */,
				6E1FD65820FCC514002D9D2F /* Assets.xcassets */,
				6E1FD65A20FCC514002D9D2F /* LaunchScreen.storyboard */,
				6E1FD65D20FCC514002D9D2F /* Info.plist */,
				6E1FD65E20FCC514002D9D2F /* main.m */,
			);
			path = System;
			sourceTree = "<group>";
		};
		6E891DB6210FF16A00B2443D /* View */ = {
			isa = PBXGroup;
			children = (
			);
			path = View;
			sourceTree = "<group>";
		};
		6E891DB7210FF16A00B2443D /* ViewModel */ = {
			isa = PBXGroup;
			children = (
			);
			path = ViewModel;
			sourceTree = "<group>";
		};
		6E891DB8210FF16A00B2443D /* Controller */ = {
			isa = PBXGroup;
			children = (
				6E891DC0210FF2E400B2443D /* MainViewController.h */,
				6E891DC1210FF2E400B2443D /* MainViewController.m */,
			);
			path = Controller;
			sourceTree = "<group>";
		};
		6E891DB9210FF19B00B2443D /* ViewModel */ = {
			isa = PBXGroup;
			children = (
			);
			path = ViewModel;
			sourceTree = "<group>";
		};
		6E891DBA210FF1CC00B2443D /* Controller */ = {
			isa = PBXGroup;
			children = (
				6E891DBC210FF1CC00B2443D /* MainViewController.h */,
				6E891DBB210FF1CC00B2443D /* MainViewController.m */,
			);
			path = Controller;
			sourceTree = "<group>";
		};
		6E891DC321100DB800B2443D /* Common */ = {
			isa = PBXGroup;
			children = (
				6E891DC421100DB800B2443D /* ViewModel */,
				6E891DC921100DB800B2443D /* Source */,
				6E891DCC21100DB800B2443D /* Model */,
				6E891DD021100DB800B2443D /* View */,
			);
			path = Common;
			sourceTree = "<group>";
		};
		6E891DC421100DB800B2443D /* ViewModel */ = {
			isa = PBXGroup;
			children = (
				6E891DC521100DB800B2443D /* CommonTableViewSectionVM.h */,
				6E891DC621100DB800B2443D /* CommonTableViewCellVM.h */,
				6E891DC721100DB800B2443D /* CommonTableViewSectionVM.m */,
				6E891DC821100DB800B2443D /* CommonTableViewCellVM.m */,
			);
			path = ViewModel;
			sourceTree = "<group>";
		};
		6E891DC921100DB800B2443D /* Source */ = {
			isa = PBXGroup;
			children = (
				6E891DCA21100DB800B2443D /* 线程编程指南翻译第一篇（关于线程编程）.md */,
				6E891DCB21100DB800B2443D /* 线程编程指南翻译第二篇（线程管理）.md */,
			);
			path = Source;
			sourceTree = "<group>";
		};
		6E891DCC21100DB800B2443D /* Model */ = {
			isa = PBXGroup;
			children = (
				6E891DCD21100DB800B2443D /* CommonM.h */,
				6E891DCE21100DB800B2443D /* CommonDefine.h */,
				6E891DCF21100DB800B2443D /* CommonM.m */,
			);
			path = Model;
			sourceTree = "<group>";
		};
		6E891DD021100DB800B2443D /* View */ = {
			isa = PBXGroup;
			children = (
				6E891DD121100DB800B2443D /* CommonTableViewCell.h */,
				6E891DD221100DB800B2443D /* CommonTableViewHeaderView.h */,
				6E891DD321100DB800B2443D /* CommonTableViewCell.m */,
				6E891DD421100DB800B2443D /* CommonTableViewHeaderView.m */,
			);
			path = View;
			sourceTree = "<group>";
		};
		6E891E072112AE8B00B2443D /* Frameworks */ = {
			isa = PBXGroup;
			children = (
			);
			path = Frameworks;
			sourceTree = "<group>";
		};
/* End PBXGroup section */

/* Begin PBXNativeTarget section */
		6E1FD5FB20FC6B5D002D9D2F /* ThreadManagement */ = {
			isa = PBXNativeTarget;
			buildConfigurationList = 6E1FD60F20FC6B5D002D9D2F /* Build configuration list for PBXNativeTarget "ThreadManagement" */;
			buildPhases = (
				6E1FD5F820FC6B5D002D9D2F /* Sources */,
				6E1FD5F920FC6B5D002D9D2F /* Frameworks */,
				6E1FD5FA20FC6B5D002D9D2F /* Resources */,
			);
			buildRules = (
			);
			dependencies = (
			);
			name = ThreadManagement;
			productName = ThreadManagement;
			productReference = 6E1FD5FC20FC6B5D002D9D2F /* ThreadManagement.app */;
			productType = "com.apple.product-type.application";
		};
		6E1FD64C20FCC513002D9D2F /* RunLoops */ = {
			isa = PBXNativeTarget;
			buildConfigurationList = 6E1FD66020FCC514002D9D2F /* Build configuration list for PBXNativeTarget "RunLoops" */;
			buildPhases = (
				6E1FD64920FCC513002D9D2F /* Sources */,
				6E1FD64A20FCC513002D9D2F /* Frameworks */,
				6E1FD64B20FCC513002D9D2F /* Resources */,
			);
			buildRules = (
			);
			dependencies = (
			);
			name = RunLoops;
			productName = RunLoops;
			productReference = 6E1FD64D20FCC513002D9D2F /* RunLoops.app */;
			productType = "com.apple.product-type.application";
		};
/* End PBXNativeTarget section */

/* Begin PBXProject section */
		6E1FD5D720FC6B18002D9D2F /* Project object */ = {
			isa = PBXProject;
			attributes = {
				LastUpgradeCheck = 0940;
				ORGANIZATIONNAME = Jingbeijinrong;
				TargetAttributes = {
					6E1FD5FB20FC6B5D002D9D2F = {
						CreatedOnToolsVersion = 9.4.1;
					};
					6E1FD64C20FCC513002D9D2F = {
						CreatedOnToolsVersion = 9.4.1;
					};
				};
			};
			buildConfigurationList = 6E1FD5DA20FC6B18002D9D2F /* Build configuration list for PBXProject "ThreadingPrograming" */;
			compatibilityVersion = "Xcode 9.3";
			developmentRegion = en;
			hasScannedForEncodings = 0;
			knownRegions = (
				en,
				Base,
			);
			mainGroup = 6E1FD5D620FC6B18002D9D2F;
			productRefGroup = 6E1FD5E020FC6B18002D9D2F /* Products */;
			projectDirPath = "";
			projectRoot = "";
			targets = (
				6E1FD5FB20FC6B5D002D9D2F /* ThreadManagement */,
				6E1FD64C20FCC513002D9D2F /* RunLoops */,
			);
		};
/* End PBXProject section */

/* Begin PBXResourcesBuildPhase section */
		6E1FD5FA20FC6B5D002D9D2F /* Resources */ = {
			isa = PBXResourcesBuildPhase;
			buildActionMask = 2147483647;
			files = (
				6E891DDB21100DB800B2443D /* 线程编程指南翻译第二篇（线程管理）.md in Resources */,
				6E1FD60B20FC6B5D002D9D2F /* LaunchScreen.storyboard in Resources */,
				6E1FD60820FC6B5D002D9D2F /* Assets.xcassets in Resources */,
				6E891DD921100DB800B2443D /* 线程编程指南翻译第一篇（关于线程编程）.md in Resources */,
				6E1FD60620FC6B5D002D9D2F /* Main.storyboard in Resources */,
			);
			runOnlyForDeploymentPostprocessing = 0;
		};
		6E1FD64B20FCC513002D9D2F /* Resources */ = {
			isa = PBXResourcesBuildPhase;
			buildActionMask = 2147483647;
			files = (
				6E891DDC21100DB800B2443D /* 线程编程指南翻译第二篇（线程管理）.md in Resources */,
				6E1FD65C20FCC514002D9D2F /* LaunchScreen.storyboard in Resources */,
				6E1FD65920FCC514002D9D2F /* Assets.xcassets in Resources */,
				6E891DDA21100DB800B2443D /* 线程编程指南翻译第一篇（关于线程编程）.md in Resources */,
				6E1FD65720FCC513002D9D2F /* Main.storyboard in Resources */,
			);
			runOnlyForDeploymentPostprocessing = 0;
		};
/* End PBXResourcesBuildPhase section */

/* Begin PBXSourcesBuildPhase section */
		6E1FD5F820FC6B5D002D9D2F /* Sources */ = {
			isa = PBXSourcesBuildPhase;
			buildActionMask = 2147483647;
			files = (
				6E1FD60320FC6B5D002D9D2F /* ViewController.m in Sources */,
				6E891DD521100DB800B2443D /* CommonTableViewSectionVM.m in Sources */,
				6E1FD60E20FC6B5D002D9D2F /* main.m in Sources */,
				6E1FD70A21007A21002D9D2F /* QSPTableViewCell.m in Sources */,
				6E891DD721100DB800B2443D /* CommonTableViewCellVM.m in Sources */,
				6E891DDF21100DB800B2443D /* CommonTableViewCell.m in Sources */,
				6E1FD6FA21003ECF002D9D2F /* QSPViewVM.m in Sources */,
				6E1FD70221003F35002D9D2F /* QSPTableViewVM.m in Sources */,
				6E891DE121100DB800B2443D /* CommonTableViewHeaderView.m in Sources */,
				6E1FD72C2105B7BE002D9D2F /* QSPTableViewSectionM.m in Sources */,
				6E1FD71221009EE9002D9D2F /* QSPTableViewHeaderView.m in Sources */,
				6E1FD7242101DFC3002D9D2F /* UITableView+QSPMVVM.m in Sources */,
				6E891DE521106CE400B2443D /* RunLoopSource.m in Sources */,
				6E891DDD21100DB800B2443D /* CommonM.m in Sources */,
				6E1FD70621005DD5002D9D2F /* QSPTableViewCellVM.m in Sources */,
				6E1FD6FE21003ECF002D9D2F /* QSPTableViewSectionVM.m in Sources */,
				6E891DBD210FF1CC00B2443D /* MainViewController.m in Sources */,
				6E1FD60020FC6B5D002D9D2F /* AppDelegate.m in Sources */,
				6E1FD72821056752002D9D2F /* QSPTableViewFooterView.m in Sources */,
			);
			runOnlyForDeploymentPostprocessing = 0;
		};
		6E1FD64920FCC513002D9D2F /* Sources */ = {
			isa = PBXSourcesBuildPhase;
			buildActionMask = 2147483647;
			files = (
				6E1FD65420FCC513002D9D2F /* ViewController.m in Sources */,
				6E891DD621100DB800B2443D /* CommonTableViewSectionVM.m in Sources */,
				6E1FD65F20FCC514002D9D2F /* main.m in Sources */,
				6E1FD70321003F35002D9D2F /* QSPTableViewVM.m in Sources */,
				6E891DD821100DB800B2443D /* CommonTableViewCellVM.m in Sources */,
				6E891DE021100DB800B2443D /* CommonTableViewCell.m in Sources */,
				6E1FD71321009EE9002D9D2F /* QSPTableViewHeaderView.m in Sources */,
				6E1FD65120FCC513002D9D2F /* AppDelegate.m in Sources */,
				6E891DE221100DB800B2443D /* CommonTableViewHeaderView.m in Sources */,
				6E1FD70721005DD5002D9D2F /* QSPTableViewCellVM.m in Sources */,
				6E1FD7252101DFC3002D9D2F /* UITableView+QSPMVVM.m in Sources */,
				6E1FD72921056752002D9D2F /* QSPTableViewFooterView.m in Sources */,
				6E891DE621106CE400B2443D /* RunLoopSource.m in Sources */,
				6E891DDE21100DB800B2443D /* CommonM.m in Sources */,
				6E1FD72D2105B7BE002D9D2F /* QSPTableViewSectionM.m in Sources */,
				6E1FD6FF21003ECF002D9D2F /* QSPTableViewSectionVM.m in Sources */,
				6E1FD70B21007A21002D9D2F /* QSPTableViewCell.m in Sources */,
				6E1FD6FB21003ECF002D9D2F /* QSPViewVM.m in Sources */,
				6E891DC2210FF2E400B2443D /* MainViewController.m in Sources */,
			);
			runOnlyForDeploymentPostprocessing = 0;
		};
/* End PBXSourcesBuildPhase section */

/* Begin PBXVariantGroup section */
		6E1FD60420FC6B5D002D9D2F /* Main.storyboard */ = {
			isa = PBXVariantGroup;
			children = (
				6E1FD60520FC6B5D002D9D2F /* Base */,
			);
			name = Main.storyboard;
			sourceTree = "<group>";
		};
		6E1FD60920FC6B5D002D9D2F /* LaunchScreen.storyboard */ = {
			isa = PBXVariantGroup;
			children = (
				6E1FD60A20FC6B5D002D9D2F /* Base */,
			);
			name = LaunchScreen.storyboard;
			sourceTree = "<group>";
		};
		6E1FD65520FCC513002D9D2F /* Main.storyboard */ = {
			isa = PBXVariantGroup;
			children = (
				6E1FD65620FCC513002D9D2F /* Base */,
			);
			name = Main.storyboard;
			sourceTree = "<group>";
		};
		6E1FD65A20FCC514002D9D2F /* LaunchScreen.storyboard */ = {
			isa = PBXVariantGroup;
			children = (
				6E1FD65B20FCC514002D9D2F /* Base */,
			);
			name = LaunchScreen.storyboard;
			sourceTree = "<group>";
		};
/* End PBXVariantGroup section */

/* Begin XCBuildConfiguration section */
		6E1FD5F320FC6B1A002D9D2F /* Debug */ = {
			isa = XCBuildConfiguration;
			buildSettings = {
				ALWAYS_SEARCH_USER_PATHS = NO;
				CLANG_ANALYZER_NONNULL = YES;
				CLANG_ANALYZER_NUMBER_OBJECT_CONVERSION = YES_AGGRESSIVE;
				CLANG_CXX_LANGUAGE_STANDARD = "gnu++14";
				CLANG_CXX_LIBRARY = "libc++";
				CLANG_ENABLE_MODULES = YES;
				CLANG_ENABLE_OBJC_ARC = YES;
				CLANG_ENABLE_OBJC_WEAK = YES;
				CLANG_WARN_BLOCK_CAPTURE_AUTORELEASING = YES;
				CLANG_WARN_BOOL_CONVERSION = YES;
				CLANG_WARN_COMMA = YES;
				CLANG_WARN_CONSTANT_CONVERSION = YES;
				CLANG_WARN_DEPRECATED_OBJC_IMPLEMENTATIONS = YES;
				CLANG_WARN_DIRECT_OBJC_ISA_USAGE = YES_ERROR;
				CLANG_WARN_DOCUMENTATION_COMMENTS = YES;
				CLANG_WARN_EMPTY_BODY = YES;
				CLANG_WARN_ENUM_CONVERSION = YES;
				CLANG_WARN_INFINITE_RECURSION = YES;
				CLANG_WARN_INT_CONVERSION = YES;
				CLANG_WARN_NON_LITERAL_NULL_CONVERSION = YES;
				CLANG_WARN_OBJC_IMPLICIT_RETAIN_SELF = YES;
				CLANG_WARN_OBJC_LITERAL_CONVERSION = YES;
				CLANG_WARN_OBJC_ROOT_CLASS = YES_ERROR;
				CLANG_WARN_RANGE_LOOP_ANALYSIS = YES;
				CLANG_WARN_STRICT_PROTOTYPES = YES;
				CLANG_WARN_SUSPICIOUS_MOVE = YES;
				CLANG_WARN_UNGUARDED_AVAILABILITY = YES_AGGRESSIVE;
				CLANG_WARN_UNREACHABLE_CODE = YES;
				CLANG_WARN__DUPLICATE_METHOD_MATCH = YES;
				CODE_SIGN_IDENTITY = "iPhone Developer";
				COPY_PHASE_STRIP = NO;
				DEBUG_INFORMATION_FORMAT = dwarf;
				ENABLE_STRICT_OBJC_MSGSEND = YES;
				ENABLE_TESTABILITY = YES;
				GCC_C_LANGUAGE_STANDARD = gnu11;
				GCC_DYNAMIC_NO_PIC = NO;
				GCC_NO_COMMON_BLOCKS = YES;
				GCC_OPTIMIZATION_LEVEL = 0;
				GCC_PREPROCESSOR_DEFINITIONS = (
					"DEBUG=1",
					"$(inherited)",
				);
				GCC_WARN_64_TO_32_BIT_CONVERSION = YES;
				GCC_WARN_ABOUT_RETURN_TYPE = YES_ERROR;
				GCC_WARN_UNDECLARED_SELECTOR = YES;
				GCC_WARN_UNINITIALIZED_AUTOS = YES_AGGRESSIVE;
				GCC_WARN_UNUSED_FUNCTION = YES;
				GCC_WARN_UNUSED_VARIABLE = YES;
				IPHONEOS_DEPLOYMENT_TARGET = 11.4;
				MTL_ENABLE_DEBUG_INFO = YES;
				ONLY_ACTIVE_ARCH = YES;
				SDKROOT = iphoneos;
			};
			name = Debug;
		};
		6E1FD5F420FC6B1A002D9D2F /* Release */ = {
			isa = XCBuildConfiguration;
			buildSettings = {
				ALWAYS_SEARCH_USER_PATHS = NO;
				CLANG_ANALYZER_NONNULL = YES;
				CLANG_ANALYZER_NUMBER_OBJECT_CONVERSION = YES_AGGRESSIVE;
				CLANG_CXX_LANGUAGE_STANDARD = "gnu++14";
				CLANG_CXX_LIBRARY = "libc++";
				CLANG_ENABLE_MODULES = YES;
				CLANG_ENABLE_OBJC_ARC = YES;
				CLANG_ENABLE_OBJC_WEAK = YES;
				CLANG_WARN_BLOCK_CAPTURE_AUTORELEASING = YES;
				CLANG_WARN_BOOL_CONVERSION = YES;
				CLANG_WARN_COMMA = YES;
				CLANG_WARN_CONSTANT_CONVERSION = YES;
				CLANG_WARN_DEPRECATED_OBJC_IMPLEMENTATIONS = YES;
				CLANG_WARN_DIRECT_OBJC_ISA_USAGE = YES_ERROR;
				CLANG_WARN_DOCUMENTATION_COMMENTS = YES;
				CLANG_WARN_EMPTY_BODY = YES;
				CLANG_WARN_ENUM_CONVERSION = YES;
				CLANG_WARN_INFINITE_RECURSION = YES;
				CLANG_WARN_INT_CONVERSION = YES;
				CLANG_WARN_NON_LITERAL_NULL_CONVERSION = YES;
				CLANG_WARN_OBJC_IMPLICIT_RETAIN_SELF = YES;
				CLANG_WARN_OBJC_LITERAL_CONVERSION = YES;
				CLANG_WARN_OBJC_ROOT_CLASS = YES_ERROR;
				CLANG_WARN_RANGE_LOOP_ANALYSIS = YES;
				CLANG_WARN_STRICT_PROTOTYPES = YES;
				CLANG_WARN_SUSPICIOUS_MOVE = YES;
				CLANG_WARN_UNGUARDED_AVAILABILITY = YES_AGGRESSIVE;
				CLANG_WARN_UNREACHABLE_CODE = YES;
				CLANG_WARN__DUPLICATE_METHOD_MATCH = YES;
				CODE_SIGN_IDENTITY = "iPhone Developer";
				COPY_PHASE_STRIP = NO;
				DEBUG_INFORMATION_FORMAT = "dwarf-with-dsym";
				ENABLE_NS_ASSERTIONS = NO;
				ENABLE_STRICT_OBJC_MSGSEND = YES;
				GCC_C_LANGUAGE_STANDARD = gnu11;
				GCC_NO_COMMON_BLOCKS = YES;
				GCC_WARN_64_TO_32_BIT_CONVERSION = YES;
				GCC_WARN_ABOUT_RETURN_TYPE = YES_ERROR;
				GCC_WARN_UNDECLARED_SELECTOR = YES;
				GCC_WARN_UNINITIALIZED_AUTOS = YES_AGGRESSIVE;
				GCC_WARN_UNUSED_FUNCTION = YES;
				GCC_WARN_UNUSED_VARIABLE = YES;
				IPHONEOS_DEPLOYMENT_TARGET = 11.4;
				MTL_ENABLE_DEBUG_INFO = NO;
				SDKROOT = iphoneos;
				VALIDATE_PRODUCT = YES;
			};
			name = Release;
		};
		6E1FD61020FC6B5D002D9D2F /* Debug */ = {
			isa = XCBuildConfiguration;
			buildSettings = {
				ASSETCATALOG_COMPILER_APPICON_NAME = AppIcon;
				CODE_SIGN_STYLE = Automatic;
				INFOPLIST_FILE = ThreadManagement/Other/System/Info.plist;
				IPHONEOS_DEPLOYMENT_TARGET = 11.4;
				LD_RUNPATH_SEARCH_PATHS = (
					"$(inherited)",
					"@executable_path/Frameworks",
				);
				PRODUCT_BUNDLE_IDENTIFIER = com.jingbei.www.ThreadManagement;
				PRODUCT_NAME = "$(TARGET_NAME)";
				TARGETED_DEVICE_FAMILY = "1,2";
			};
			name = Debug;
		};
		6E1FD61120FC6B5D002D9D2F /* Release */ = {
			isa = XCBuildConfiguration;
			buildSettings = {
				ASSETCATALOG_COMPILER_APPICON_NAME = AppIcon;
				CODE_SIGN_STYLE = Automatic;
				INFOPLIST_FILE = ThreadManagement/Other/System/Info.plist;
				IPHONEOS_DEPLOYMENT_TARGET = 11.4;
				LD_RUNPATH_SEARCH_PATHS = (
					"$(inherited)",
					"@executable_path/Frameworks",
				);
				PRODUCT_BUNDLE_IDENTIFIER = com.jingbei.www.ThreadManagement;
				PRODUCT_NAME = "$(TARGET_NAME)";
				TARGETED_DEVICE_FAMILY = "1,2";
			};
			name = Release;
		};
		6E1FD66120FCC514002D9D2F /* Debug */ = {
			isa = XCBuildConfiguration;
			buildSettings = {
				ASSETCATALOG_COMPILER_APPICON_NAME = AppIcon;
				CODE_SIGN_STYLE = Automatic;
				GCC_C_LANGUAGE_STANDARD = gnu11;
				INFOPLIST_FILE = RunLoops/Other/System/Info.plist;
				IPHONEOS_DEPLOYMENT_TARGET = 9.0;
				LD_RUNPATH_SEARCH_PATHS = (
					"$(inherited)",
					"@executable_path/Frameworks",
				);
				PRODUCT_BUNDLE_IDENTIFIER = com.jingbei.www.RunLoops;
				PRODUCT_NAME = "$(TARGET_NAME)";
				TARGETED_DEVICE_FAMILY = "1,2";
			};
			name = Debug;
		};
		6E1FD66220FCC514002D9D2F /* Release */ = {
			isa = XCBuildConfiguration;
			buildSettings = {
				ASSETCATALOG_COMPILER_APPICON_NAME = AppIcon;
				CODE_SIGN_STYLE = Automatic;
				GCC_C_LANGUAGE_STANDARD = gnu11;
				INFOPLIST_FILE = RunLoops/Other/System/Info.plist;
				IPHONEOS_DEPLOYMENT_TARGET = 9.0;
				LD_RUNPATH_SEARCH_PATHS = (
					"$(inherited)",
					"@executable_path/Frameworks",
				);
				PRODUCT_BUNDLE_IDENTIFIER = com.jingbei.www.RunLoops;
				PRODUCT_NAME = "$(TARGET_NAME)";
				TARGETED_DEVICE_FAMILY = "1,2";
			};
			name = Release;
		};
/* End XCBuildConfiguration section */

/* Begin XCConfigurationList section */
		6E1FD5DA20FC6B18002D9D2F /* Build configuration list for PBXProject "ThreadingPrograming" */ = {
			isa = XCConfigurationList;
			buildConfigurations = (
				6E1FD5F320FC6B1A002D9D2F /* Debug */,
				6E1FD5F420FC6B1A002D9D2F /* Release */,
			);
			defaultConfigurationIsVisible = 0;
			defaultConfigurationName = Release;
		};
		6E1FD60F20FC6B5D002D9D2F /* Build configuration list for PBXNativeTarget "ThreadManagement" */ = {
			isa = XCConfigurationList;
			buildConfigurations = (
				6E1FD61020FC6B5D002D9D2F /* Debug */,
				6E1FD61120FC6B5D002D9D2F /* Release */,
			);
			defaultConfigurationIsVisible = 0;
			defaultConfigurationName = Release;
		};
		6E1FD66020FCC514002D9D2F /* Build configuration list for PBXNativeTarget "RunLoops" */ = {
			isa = XCConfigurationList;
			buildConfigurations = (
				6E1FD66120FCC514002D9D2F /* Debug */,
				6E1FD66220FCC514002D9D2F /* Release */,
			);
			defaultConfigurationIsVisible = 0;
			defaultConfigurationName = Release;
		};
/* End XCConfigurationList section */
	};
	rootObject = 6E1FD5D720FC6B18002D9D2F /* Project object */;
}
